
Microsoft Visual Studio Solution File, Format Version 12.00
# Visual Studio Version 17
VisualStudioVersion = 17.1.32407.343
MinimumVisualStudioVersion = 10.0.40219.1
Project("{FAE04EC0-301F-11D3-BF4B-00C04F79EFBC}") = "CSClass", "CSClass\CSClass.csproj", "{789D6B95-ECA0-4A61-9DD7-C3AB4C7B0576}"
EndProject
Global
	GlobalSection(SolutionConfigurationPlatforms) = preSolution
		Debug|Any CPU = Debug|Any CPU
		Release|Any CPU = Release|Any CPU
	EndGlobalSection
	GlobalSection(ProjectConfigurationPlatforms) = postSolution
		{789D6B95-ECA0-4A61-9DD7-C3AB4C7B0576}.Debug|Any CPU.ActiveCfg = Debug|Any CPU
		{789D6B95-ECA0-4A61-9DD7-C3AB4C7B0576}.Debug|Any CPU.Build.0 = Debug|Any CPU
		{789D6B95-ECA0-4A61-9DD7-C3AB4C7B0576}.Release|Any CPU.ActiveCfg = Release|Any CPU
		{789D6B95-ECA0-4A61-9DD7-C3AB4C7B0576}.Release|Any CPU.Build.0 = Release|Any CPU
	EndGlobalSection
	GlobalSection(SolutionProperties) = preSolution
		HideSolutionNode = FALSE
	EndGlobalSection
	GlobalSection(ExtensibilityGlobals) = postSolution
		SolutionGuid = {A248EE65-6357-4D5C-AD42-41C197739D5D}
	EndGlobalSection
EndGlobal
